
Microsoft Visual Studio Solution File, Format Version 12.00
# Visual Studio Version 16
VisualStudioVersion = 16.0.31702.278
MinimumVisualStudioVersion = 10.0.40219.1
Project("{FAE04EC0-301F-11D3-BF4B-00C04F79EFBC}") = "OnTap", "OnTap.csproj", "{DA435F45-5686-4761-AE74-7F830F750E1E}"
EndProject
Global
	GlobalSection(SolutionConfigurationPlatforms) = preSolution
		Debug|Any CPU = Debug|Any CPU
		Release|Any CPU = Release|Any CPU
	EndGlobalSection
	GlobalSection(ProjectConfigurationPlatforms) = postSolution
		{DA435F45-5686-4761-AE74-7F830F750E1E}.Debug|Any CPU.ActiveCfg = Debug|Any CPU
		{DA435F45-5686-4761-AE74-7F830F750E1E}.Debug|Any CPU.Build.0 = Debug|Any CPU
		{DA435F45-5686-4761-AE74-7F830F750E1E}.Release|Any CPU.ActiveCfg = Release|Any CPU
		{DA435F45-5686-4761-AE74-7F830F750E1E}.Release|Any CPU.Build.0 = Release|Any CPU
	EndGlobalSection
	GlobalSection(SolutionProperties) = preSolution
		HideSolutionNode = FALSE
	EndGlobalSection
	GlobalSection(ExtensibilityGlobals) = postSolution
		SolutionGuid = {FF0DE577-3569-4A4C-AB40-949EE901DB5B}
	EndGlobalSection
EndGlobal
